<?xml version="1.0" encoding="utf-8"?>
<Project ToolsVersion="4.0" xmlns="http://schemas.microsoft.com/developer/msbuild/2003">
  <ItemGroup>
    <FxCompile Include="Shaders\Basic\Collider.hlsl" />
    <FxCompile Include="Shaders\Basic\Texture.hlsl" />
    <FxCompile Include="Shaders\Basic\Grid.hlsl" />
    <FxCompile Include="Shaders\Compute\ByteAddress.hlsl" />
    <FxCompile Include="Shaders\Compute\ComputePicking.hlsl" />
    <FxCompile Include="Shaders\Effect\Particle.hlsl" />
    <FxCompile Include="Shaders\Geometry\Billboard.hlsl" />
    <FxCompile Include="Shaders\Geometry\Rain.hlsl" />
    <FxCompile Include="Shaders\Geometry\Snow.hlsl" />
    <FxCompile Include="Shaders\Geometry\Spark.hlsl" />
    <FxCompile Include="Shaders\Geometry\Sprite.hlsl" />
    <FxCompile Include="Shaders\Landscape\Skybox.hlsl" />
    <FxCompile Include="Shaders\Landscape\Terrain.hlsl" />
    <FxCompile Include="Shaders\Landscape\TerrainEditor.hlsl" />
    <FxCompile Include="Shaders\Light\AnimGBuffer.hlsl" />
    <FxCompile Include="Shaders\Light\Deferred.hlsl" />
    <FxCompile Include="Shaders\Light\DepthMap.hlsl" />
    <FxCompile Include="Shaders\Light\DiffuseLight.hlsl" />
    <FxCompile Include="Shaders\Light\GBuffer.hlsl" />
    <FxCompile Include="Shaders\Light\Light.hlsl" />
    <FxCompile Include="Shaders\Light\NormalMapping.hlsl" />
    <FxCompile Include="Shaders\Light\Shadow.hlsl" />
    <FxCompile Include="Shaders\Light\SpecularLight.hlsl" />
    <FxCompile Include="Shaders\Model\ModelAnimation.hlsl" />
    <FxCompile Include="Shaders\Model\ModelAnimationInstancing.hlsl" />
    <FxCompile Include="Shaders\Model\ModelInstancing.hlsl" />
    <FxCompile Include="Shaders\Effect\Bloom.hlsl" />
    <FxCompile Include="Shaders\Effect\Fog.hlsl" />
    <FxCompile Include="Shaders\UI\ProgressBar.hlsl" />
  </ItemGroup>
  <ItemGroup>
    <ClCompile Include="Objects\Character\DummyValphalk.cpp" />
    <ClCompile Include="Objects\Particle\CriticalParticle.cpp" />
    <ClCompile Include="Objects\Particle\HitBoomParticle.cpp" />
    <ClCompile Include="Scenes\PlayerTestScene.cpp" />
    <ClCompile Include="Scenes\MapDesignScene.cpp" />
    <ClCompile Include="Objects\Landscape\M41Objects.cpp" />
    <ClCompile Include="Objects\Basic\Cylinder2.cpp" />
    <ClCompile Include="Framework\Environment\Reflection.cpp" />
    <ClCompile Include="Framework\Environment\Refraction.cpp" />
    <ClCompile Include="Framework\Shader\DomainShader.cpp" />
    <ClCompile Include="Framework\Shader\HullShader.cpp" />
    <ClCompile Include="Framework\System\Sounds.cpp" />
    <ClCompile Include="Framework\Utilities\String.cpp" />
    <ClCompile Include="Objects\Basic\HalfSphere.cpp" />
    <ClCompile Include="Objects\Character\Garuk.cpp" />
    <ClCompile Include="Objects\Particle\HitParticle.cpp" />
    <ClCompile Include="Objects\Character\Player.cpp" />
    <ClCompile Include="Scenes\NotUse\MirrorScene.cpp" />
    <ClCompile Include="Objects\Particle\ParticleSystem.cpp" />
    <ClCompile Include="Objects\Particle\Particle.cpp" />
    <ClCompile Include="Objects\Particle\Rain.cpp" />
    <ClCompile Include="Objects\Landscape\QuadTreeTerrain.cpp" />
    <ClCompile Include="Objects\Static\Reflector.cpp" />
    <ClCompile Include="Scenes\NotUse\QuadTreeScene.cpp" />
    <ClCompile Include="Scenes\ParticleConfigScene.cpp" />
    <ClCompile Include="Scenes\ParticleScene.cpp" />
    <ClCompile Include="Scenes\NotUse\BillboardScene.cpp" />
    <ClCompile Include="Scenes\NotUse\AStarScene.cpp" />
    <ClCompile Include="DirectX3D.cpp" />
    <ClCompile Include="Objects\Character\Fox.cpp" />
    <ClCompile Include="Framework.cpp" />
    <ClCompile Include="Framework\Buffer\ConstBuffer.cpp" />
    <ClCompile Include="Framework\Buffer\IndexBuffer.cpp" />
    <ClCompile Include="Framework\Buffer\RawBuffer.cpp" />
    <ClCompile Include="Framework\Buffer\StructuredBuffer.cpp" />
    <ClCompile Include="Framework\Buffer\VertexBuffer.cpp" />
    <ClCompile Include="Framework\Collision\BoxCollider.cpp" />
    <ClCompile Include="Framework\Collision\CapsuleCollider.cpp" />
    <ClCompile Include="Framework\Collision\Collider.cpp" />
    <ClCompile Include="Framework\Collision\SphereCollider.cpp" />
    <ClCompile Include="Framework\Environment\Camera.cpp" />
    <ClCompile Include="Framework\Environment\Environment.cpp" />
    <ClCompile Include="Framework\Environment\Shadow.cpp" />
    <ClCompile Include="Framework\Math\GameMath.cpp" />
    <ClCompile Include="Framework\Math\Transform.cpp" />
    <ClCompile Include="Framework\Model\ModelAnimator.cpp" />
    <ClCompile Include="Framework\Model\ModelAnimatorInstancing.cpp" />
    <ClCompile Include="Framework\Model\ModelClip.cpp" />
    <ClCompile Include="Framework\Model\ModelExporter.cpp" />
    <ClCompile Include="Framework\Model\ModelInstancing.cpp" />
    <ClCompile Include="Framework\Model\ModelMesh.cpp" />
    <ClCompile Include="Framework\Model\Model.cpp" />
    <ClCompile Include="Framework\Render\DepthStencil.cpp" />
    <ClCompile Include="Framework\Render\GBuffer.cpp" />
    <ClCompile Include="Framework\Render\Material.cpp" />
    <ClCompile Include="Framework\Render\RenderTarget.cpp" />
    <ClCompile Include="Framework\Render\Texture.cpp" />
    <ClCompile Include="Framework\Shader\ComputeShader.cpp" />
    <ClCompile Include="Framework\Shader\GeometryShader.cpp" />
    <ClCompile Include="Framework\Shader\PixelShader.cpp" />
    <ClCompile Include="Framework\Shader\Shader.cpp" />
    <ClCompile Include="Framework\Shader\VertexShader.cpp" />
    <ClCompile Include="Framework\State\BlendState.cpp" />
    <ClCompile Include="Framework\State\DepthStencilState.cpp" />
    <ClCompile Include="Framework\State\RasterizerState.cpp" />
    <ClCompile Include="Framework\State\SamplerState.cpp" />
    <ClCompile Include="Framework\System\Device.cpp" />
    <ClCompile Include="Framework\Utilities\Audio.cpp" />
    <ClCompile Include="Framework\Utilities\BinaryReader.cpp" />
    <ClCompile Include="Framework\Utilities\BinaryWriter.cpp" />
    <ClCompile Include="Framework\Utilities\Font.cpp" />
    <ClCompile Include="Framework\Utilities\Keyboard.cpp" />
    <ClCompile Include="Framework\Utilities\Observer.cpp" />
    <ClCompile Include="Framework\Utilities\Timer.cpp" />
    <ClCompile Include="Framework\Utilities\tinyxml2.cpp" />
    <ClCompile Include="Framework\Utilities\Utility.cpp" />
    <ClCompile Include="Manager\GameManager.cpp" />
    <ClCompile Include="Manager\SceneManager.cpp" />
    <ClCompile Include="Objects\Actor\ActorUI.cpp" />
    <ClCompile Include="Objects\Basic\Cube.cpp" />
    <ClCompile Include="Objects\Basic\Cylinder.cpp" />
    <ClCompile Include="Objects\Basic\GameObject.cpp" />
    <ClCompile Include="Objects\Basic\Quad.cpp" />
    <ClCompile Include="Objects\Basic\Sphere.cpp" />
    <ClCompile Include="Objects\Character\Human.cpp" />
    <ClCompile Include="Objects\Character\Naruto.cpp" />
    <ClCompile Include="Objects\Character\Robot.cpp" />
    <ClCompile Include="Objects\Items\Weapons\Crowbar.cpp" />
    <ClCompile Include="Objects\Items\Weapons\Kunai.cpp" />
    <ClCompile Include="Objects\Landscape\SkyBox.cpp" />
    <ClCompile Include="Objects\Landscape\Terrain.cpp" />
    <ClCompile Include="Objects\Landscape\TerrainEditor.cpp" />
    <ClCompile Include="Objects\Manager\BlockManager.cpp" />
    <ClCompile Include="Objects\Manager\KunaiManager.cpp" />
    <ClCompile Include="Objects\Manager\RobotManager.cpp" />
    <ClCompile Include="Objects\UI\ProgressBar.cpp" />
    <ClCompile Include="Scenes\NotUse\CollisionScene.cpp" />
    <ClCompile Include="Scenes\NotUse\CubeScene.cpp" />
    <ClCompile Include="Scenes\NotUse\GameScene.cpp" />
    <ClCompile Include="Scenes\NotUse\GBufferScene.cpp" />
    <ClCompile Include="Scenes\GridScene.cpp" />
    <ClCompile Include="Scenes\NotUse\HumanScene.cpp" />
    <ClCompile Include="Scenes\NotUse\IntancingScene.cpp" />
    <ClCompile Include="Scenes\NotUse\LightScene.cpp" />
    <ClCompile Include="Scenes\NotUse\ModelAnimationScene.cpp" />
    <ClCompile Include="Scenes\ModelExportScene.cpp" />
    <ClCompile Include="Scenes\NotUse\ModelRenderScene.cpp" />
    <ClCompile Include="Scenes\NotUse\RenderTargetScene.cpp" />
    <ClCompile Include="Scenes\ShadowScene.cpp" />
    <ClCompile Include="Scenes\NotUse\SphereScene.cpp" />
    <ClCompile Include="Scenes\NotUse\TerrainEditorScene.cpp" />
    <ClCompile Include="Scenes\NotUse\TerrainScene.cpp" />
    <ClCompile Include="Objects\Test\TestLight.cpp" />
    <ClCompile Include="Objects\Particle\Sprite.cpp" />
    <ClCompile Include="Objects\Particle\Snow.cpp" />
    <ClCompile Include="Objects\Particle\Spark.cpp" />
    <ClCompile Include="Objects\Particle\Trail.cpp" />
    <ClCompile Include="Scenes\NotUse\WaterScene.cpp" />
    <ClCompile Include="Objects\Landscape\Water.cpp" />
    <ClCompile Include="Objects\Landscape\TerrainData.cpp" />
    <ClCompile Include="Objects\Landscape\TerrainLOD.cpp" />
    <ClCompile Include="Scenes\NotUse\TerrainLODScene.cpp" />
    <ClCompile Include="Scenes\NotUse\TessellationScene.cpp" />
    <ClCompile Include="Objects\Character\Valphalk.cpp" />
    <ClCompile Include="Objects\Manager\UIManager.cpp" />
    <ClCompile Include="Scenes\ValphalkTestScene.cpp" />
    <ClCompile Include="Objects\Particle\Sp_atk_ready_Particle.cpp" />
    <ClCompile Include="Objects\Particle\PotionParticle.cpp" />
    <ClCompile Include="Objects\Particle\Val_Jet_Particle.cpp" />
    <ClCompile Include="Scenes\FightTestScene.cpp" />
    <ClCompile Include="Objects\Particle\Val_fire.cpp" />
    <ClCompile Include="Objects\Particle\ValZet.cpp" />
    <ClCompile Include="Objects\Particle\HupgiFire.cpp" />
    <ClCompile Include="Objects\Particle\Wind.cpp" />
    <ClCompile Include="Objects\Character\WireBug.cpp" />
    <ClCompile Include="Objects\Particle\Sp_atk_start.cpp" />
    <ClCompile Include="Objects\Particle\Sp_atk_success.cpp" />
    <ClCompile Include="Objects\Particle\SpiritFlame.cpp" />
    <ClCompile Include="Objects\Character\Sample.cpp" />
    <ClCompile Include="Objects\Particle\Suwol.cpp" />
    <ClCompile Include="Objects\Particle\TuguEft.cpp" />
    <ClCompile Include="Objects\Particle\Wire_Bug.cpp" />
    <ClCompile Include="Objects\Particle\Explosion.cpp" />
    <ClCompile Include="Objects\Particle\Garuk_Fire.cpp" />
    <ClCompile Include="Objects\Particle\Sutdol.cpp" />
    <ClCompile Include="Objects\Manager\ItemManager.cpp" />
    <ClCompile Include="Objects\Particle\ParticleSystem2.cpp" />
    <ClCompile Include="Objects\Particle\FullBurstParticle.cpp" />
    <ClCompile Include="Objects\Particle\FullBurstParticle2.cpp" />
    <ClCompile Include="Objects\Character\PlayerWireBug.cpp" />
    <ClCompile Include="Objects\Basic\ModelQuad.cpp" />
    <ClCompile Include="Objects\Basic\Ring.cpp" />
    <ClCompile Include="Scenes\OpeningScene.cpp" />
    <ClCompile Include="Scenes\LoadingScene.cpp" />
    <ClCompile Include="Objects\Particle\SliceEft.cpp" />
    <ClCompile Include="Objects\Algorithm\AStar.cpp" />
    <ClCompile Include="Objects\Algorithm\Heap.cpp" />
    <ClCompile Include="Objects\Algorithm\Node.cpp" />
    <ClCompile Include="Objects\Particle\headBreakAtk.cpp" />
    <ClCompile Include="Objects\Particle\CircleEft.cpp" />
    <ClCompile Include="Scenes\SimpleTestScene.cpp" />
    <ClCompile Include="Objects\Landscape\M42Objects.cpp" />
  </ItemGroup>
  <ItemGroup>
    <ClInclude Include="Objects\Character\DummyValphalk.h" />
    <ClInclude Include="Objects\Particle\CriticalParticle.h" />
    <ClInclude Include="Objects\Particle\HitBoomParticle.h" />
    <ClInclude Include="Scenes\PlayerTestScene.h" />
    <ClInclude Include="Scenes\MapDesignScene.h" />
    <ClInclude Include="Objects\Landscape\M41Objects.h" />
    <ClInclude Include="Objects\Basic\Cylinder2.h" />
    <ClInclude Include="Framework\Environment\Reflection.h" />
    <ClInclude Include="Framework\Environment\Refraction.h" />
    <ClInclude Include="Framework\Shader\DomainShader.h" />
    <ClInclude Include="Framework\Shader\HullShader.h" />
    <ClInclude Include="Framework\System\Sounds.h" />
    <ClInclude Include="Framework\Utilities\String.h" />
    <ClInclude Include="Objects\Basic\HalfSphere.h" />
    <ClInclude Include="Objects\Character\Garuk.h" />
    <ClInclude Include="Objects\Particle\HitParticle.h" />
    <ClInclude Include="Objects\Character\Player.h" />
    <ClInclude Include="Scenes\NotUse\MirrorScene.h" />
    <ClInclude Include="Objects\Particle\ParticleSystem.h" />
    <ClInclude Include="Objects\Particle\Particle.h" />
    <ClInclude Include="Objects\Particle\Rain.h" />
    <ClInclude Include="Objects\Landscape\QuadTreeTerrain.h" />
    <ClInclude Include="Objects\Static\Reflector.h" />
    <ClInclude Include="Scenes\NotUse\QuadTreeScene.h" />
    <ClInclude Include="Scenes\ParticleConfigScene.h" />
    <ClInclude Include="Scenes\ParticleScene.h" />
    <ClInclude Include="Scenes\NotUse\BillboardScene.h" />
    <ClInclude Include="Scenes\NotUse\AStarScene.h" />
    <ClInclude Include="DirectX3D.h" />
    <ClInclude Include="Objects\Character\Fox.h" />
    <ClInclude Include="Framework.h" />
    <ClInclude Include="Framework\Buffer\ConstBuffer.h" />
    <ClInclude Include="Framework\Buffer\GlobalBuffer.h" />
    <ClInclude Include="Framework\Buffer\IndexBuffer.h" />
    <ClInclude Include="Framework\Buffer\RawBuffer.h" />
    <ClInclude Include="Framework\Buffer\StructuredBuffer.h" />
    <ClInclude Include="Framework\Buffer\VertexBuffer.h" />
    <ClInclude Include="Framework\Buffer\VertexLayouts.h" />
    <ClInclude Include="Framework\Collision\BoxCollider.h" />
    <ClInclude Include="Framework\Collision\CapsuleCollider.h" />
    <ClInclude Include="Framework\Collision\Collider.h" />
    <ClInclude Include="Framework\Collision\SphereCollider.h" />
    <ClInclude Include="Framework\Environment\Camera.h" />
    <ClInclude Include="Framework\Environment\Environment.h" />
    <ClInclude Include="Framework\Environment\Shadow.h" />
    <ClInclude Include="Framework\Math\GameMath.h" />
    <ClInclude Include="Framework\Math\Transform.h" />
    <ClInclude Include="Framework\Math\Vector2.h" />
    <ClInclude Include="Framework\Math\Vector3.h" />
    <ClInclude Include="Framework\Model\ModelAnimator.h" />
    <ClInclude Include="Framework\Model\ModelAnimatorInstancing.h" />
    <ClInclude Include="Framework\Model\ModelClip.h" />
    <ClInclude Include="Framework\Model\ModelData.h" />
    <ClInclude Include="Framework\Model\ModelExporter.h" />
    <ClInclude Include="Framework\Model\ModelInstancing.h" />
    <ClInclude Include="Framework\Model\ModelMesh.h" />
    <ClInclude Include="Framework\Model\Model.h" />
    <ClInclude Include="Framework\Render\DepthStencil.h" />
    <ClInclude Include="Framework\Render\GBuffer.h" />
    <ClInclude Include="Framework\Render\Material.h" />
    <ClInclude Include="Framework\Render\Mesh.h" />
    <ClInclude Include="Framework\Render\RenderTarget.h" />
    <ClInclude Include="Framework\Render\Texture.h" />
    <ClInclude Include="Framework\Shader\ComputeShader.h" />
    <ClInclude Include="Framework\Shader\GeometryShader.h" />
    <ClInclude Include="Framework\Shader\PixelShader.h" />
    <ClInclude Include="Framework\Shader\Shader.h" />
    <ClInclude Include="Framework\Shader\VertexShader.h" />
    <ClInclude Include="Framework\State\BlendState.h" />
    <ClInclude Include="Framework\State\DepthStencilState.h" />
    <ClInclude Include="Framework\State\RasterizerState.h" />
    <ClInclude Include="Framework\State\SamplerState.h" />
    <ClInclude Include="Framework\System\Device.h" />
    <ClInclude Include="Framework\Utilities\Audio.h" />
    <ClInclude Include="Framework\Utilities\BinaryReader.h" />
    <ClInclude Include="Framework\Utilities\BinaryWriter.h" />
    <ClInclude Include="Framework\Utilities\Font.h" />
    <ClInclude Include="Framework\Utilities\Keyboard.h" />
    <ClInclude Include="Framework\Utilities\Observer.h" />
    <ClInclude Include="Framework\Utilities\Singleton.h" />
    <ClInclude Include="Framework\Utilities\Timer.h" />
    <ClInclude Include="Framework\Utilities\tinyxml2.h" />
    <ClInclude Include="Framework\Utilities\Utility.h" />
    <ClInclude Include="Manager\GameManager.h" />
    <ClInclude Include="Manager\SceneManager.h" />
    <ClInclude Include="Objects\Actor\ActorUI.h" />
    <ClInclude Include="Objects\Basic\Cube.h" />
    <ClInclude Include="Objects\Basic\Cylinder.h" />
    <ClInclude Include="Objects\Basic\GameObject.h" />
    <ClInclude Include="Objects\Basic\Quad.h" />
    <ClInclude Include="Objects\Basic\Sphere.h" />
    <ClInclude Include="Objects\Character\Human.h" />
    <ClInclude Include="Objects\Character\Naruto.h" />
    <ClInclude Include="Objects\Character\Robot.h" />
    <ClInclude Include="Objects\Items\Weapons\Crowbar.h" />
    <ClInclude Include="Objects\Items\Weapons\Kunai.h" />
    <ClInclude Include="Objects\Landscape\SkyBox.h" />
    <ClInclude Include="Objects\Landscape\Terrain.h" />
    <ClInclude Include="Objects\Landscape\TerrainEditor.h" />
    <ClInclude Include="Objects\Manager\BlockManager.h" />
    <ClInclude Include="Objects\Manager\KunaiManager.h" />
    <ClInclude Include="Objects\Manager\RobotManager.h" />
    <ClInclude Include="Objects\UI\ProgressBar.h" />
    <ClInclude Include="Resource.h" />
    <ClInclude Include="Scenes\NotUse\CollisionScene.h" />
    <ClInclude Include="Scenes\NotUse\CubeScene.h" />
    <ClInclude Include="Scenes\NotUse\GameScene.h" />
    <ClInclude Include="Scenes\NotUse\GBufferScene.h" />
    <ClInclude Include="Scenes\GridScene.h" />
    <ClInclude Include="Scenes\NotUse\HumanScene.h" />
    <ClInclude Include="Scenes\NotUse\IntancingScene.h" />
    <ClInclude Include="Scenes\NotUse\LightScene.h" />
    <ClInclude Include="Scenes\NotUse\ModelAnimationScene.h" />
    <ClInclude Include="Scenes\ModelExportScene.h" />
    <ClInclude Include="Scenes\NotUse\ModelRenderScene.h" />
    <ClInclude Include="Scenes\NotUse\RenderTargetScene.h" />
    <ClInclude Include="Scenes\Scene.h" />
    <ClInclude Include="Scenes\ShadowScene.h" />
    <ClInclude Include="Scenes\NotUse\SphereScene.h" />
    <ClInclude Include="Scenes\NotUse\TerrainEditorScene.h" />
    <ClInclude Include="Scenes\NotUse\TerrainScene.h" />
    <ClInclude Include="Objects\Particle\Sprite.h" />
    <ClInclude Include="Objects\Particle\Snow.h" />
    <ClInclude Include="Objects\Particle\Spark.h" />
    <ClInclude Include="Objects\Particle\Sp_atk_ready_Particle.h" />
    <ClInclude Include="targetver.h" />
    <ClInclude Include="Objects\Test\TestLight.h" />
    <ClInclude Include="Objects\Particle\Trail.h" />
    <ClInclude Include="Scenes\NotUse\WaterScene.h" />
    <ClInclude Include="Objects\Landscape\Water.h" />
    <ClInclude Include="Objects\Landscape\TerrainData.h" />
    <ClInclude Include="Objects\Landscape\TerrainLOD.h" />
    <ClInclude Include="Scenes\NotUse\TerrainLODScene.h" />
    <ClInclude Include="Scenes\NotUse\TessellationScene.h" />
    <ClInclude Include="Objects\Character\Valphalk.h" />
    <ClInclude Include="Objects\Manager\UIManager.h" />
    <ClInclude Include="Scenes\ValphalkTestScene.h" />
    <ClInclude Include="Objects\Particle\PotionParticle.h" />
    <ClInclude Include="Objects\Particle\Val_Jet_Particle.h" />
    <ClInclude Include="Scenes\FightTestScene.h" />
    <ClInclude Include="Objects\Particle\Val_fire.h" />
    <ClInclude Include="Objects\Particle\ValZet.h" />
    <ClInclude Include="Objects\Particle\HupgiFire.h" />
    <ClInclude Include="Objects\Particle\Wind.h" />
    <ClInclude Include="Objects\Character\WireBug.h" />
    <ClInclude Include="Objects\Particle\Sp_atk_success.h" />
    <ClInclude Include="Objects\Particle\Sp_atk_start.h" />
    <ClInclude Include="Objects\Particle\SpiritFlame.h" />
    <ClInclude Include="Objects\Character\Sample.h" />
    <ClInclude Include="Objects\Particle\Suwol.h" />
    <ClInclude Include="Objects\Particle\TuguEft.h" />
    <ClInclude Include="Objects\Particle\Wire_Bug.h" />
    <ClInclude Include="Objects\Particle\Explosion.h" />
    <ClInclude Include="Objects\Particle\Garuk_Fire.h" />
    <ClInclude Include="Objects\Particle\Sutdol.h" />
    <ClInclude Include="Objects\Manager\ItemManager.h" />
    <ClInclude Include="Objects\Particle\ParticleSystem2.h" />
    <ClInclude Include="Objects\Particle\FullBurstParticle.h" />
    <ClInclude Include="Objects\Particle\FullBurstParticle2.h" />
    <ClInclude Include="Objects\Character\PlayerWireBug.h" />
    <ClInclude Include="Objects\Particle\CircleEft.h" />
    <ClInclude Include="Objects\Basic\ModelQuad.h" />
    <ClInclude Include="Objects\Basic\Ring.h" />
    <ClInclude Include="Objects\Manager\ItemManager.h" />
    <ClInclude Include="Objects\Character\PlayerWireBug.h" />
    <ClInclude Include="Objects\Particle\SliceEft.h" />
    <ClInclude Include="Objects\Algorithm\AStar.h" />
    <ClInclude Include="Objects\Algorithm\Heap.h" />
    <ClInclude Include="Objects\Algorithm\Node.h" />
    <ClInclude Include="Objects\Particle\headBreakAtk.h" />
    <ClInclude Include="Scenes\SimpleTestScene.h" />
    <ClInclude Include="Objects\Landscape\M42Objects.h" />
    <ClInclude Include="Scenes\OpeningScene.h" />
    <ClInclude Include="Scenes\LoadingScene.h" />
  </ItemGroup>
  <ItemGroup>
    <ResourceCompile Include="DirectX3D.rc" />
  </ItemGroup>
  <ItemGroup>
    <Image Include="..\..\DirectX2D\DirectX2D\Textures\UI\Cancel.png" />
    <Image Include="DirectX3D.ico" />
    <Image Include="small.ico" />
  </ItemGroup>
  <ItemGroup>
    <None Include="Shaders\PixelHeader.hlsli" />
    <None Include="Shaders\VertexHeader.hlsli" />
  </ItemGroup>
  <ItemGroup>
    <Text Include="패턴.txt" />
  </ItemGroup>
</Project>